// !$*UTF8*$!
{
	archiveVersion = 1;
	classes = {
	};
	objectVersion = 51;
	objects = {

/* Begin PBXBuildFile section */
		CE0BBDC9274A85E10072EB86 /* GalleryItemCollectionViewCell.swift in Sources */ = {isa = PBXBuildFile; fileRef = CE0BBDC8274A85E10072EB86 /* GalleryItemCollectionViewCell.swift */; };
		CE5747F7274A3786004B3232 /* AppDelegate.swift in Sources */ = {isa = PBXBuildFile; fileRef = CE5747F6274A3786004B3232 /* AppDelegate.swift */; };
		CE5747F9274A3786004B3232 /* SceneDelegate.swift in Sources */ = {isa = PBXBuildFile; fileRef = CE5747F8274A3786004B3232 /* SceneDelegate.swift */; };
		CE5747FB274A3786004B3232 /* DetailsViewController.swift in Sources */ = {isa = PBXBuildFile; fileRef = CE5747FA274A3786004B3232 /* DetailsViewController.swift */; };
		CE574800274A378A004B3232 /* Assets.xcassets in Resources */ = {isa = PBXBuildFile; fileRef = CE5747FF274A378A004B3232 /* Assets.xcassets */; };
		CE574803274A378A004B3232 /* LaunchScreen.storyboard in Resources */ = {isa = PBXBuildFile; fileRef = CE574801274A378A004B3232 /* LaunchScreen.storyboard */; };
		CE57480E274A37EB004B3232 /* Podfile in Resources */ = {isa = PBXBuildFile; fileRef = CE57480D274A37EB004B3232 /* Podfile */; };
		CE9BF122274A3C640050A164 /* HomeScreenCollectionViewController.swift in Sources */ = {isa = PBXBuildFile; fileRef = CE9BF121274A3C640050A164 /* HomeScreenCollectionViewController.swift */; };
		CE9BF125274A3D670050A164 /* FavouritesTableViewController.swift in Sources */ = {isa = PBXBuildFile; fileRef = CE9BF124274A3D670050A164 /* FavouritesTableViewController.swift */; };
		CE9BF12A274A5A850050A164 /* NetworkService.swift in Sources */ = {isa = PBXBuildFile; fileRef = CE9BF129274A5A850050A164 /* NetworkService.swift */; };
		CE9BF12E274A62320050A164 /* UnsplashImageData.swift in Sources */ = {isa = PBXBuildFile; fileRef = CE9BF12D274A62220050A164 /* UnsplashImageData.swift */; };
		D831E01563A03D0095651FCA /* Pods_Unsplash_Gallery.framework in Frameworks */ = {isa = PBXBuildFile; fileRef = AF65AE62632CC5DE227818C2 /* Pods_Unsplash_Gallery.framework */; };
/* End PBXBuildFile section */

/* Begin PBXFileReference section */
		44EB62B781E7369476F0510D /* Pods-Unsplash Gallery.release.xcconfig */ = {isa = PBXFileReference; includeInIndex = 1; lastKnownFileType = text.xcconfig; name = "Pods-Unsplash Gallery.release.xcconfig"; path = "Target Support Files/Pods-Unsplash Gallery/Pods-Unsplash Gallery.release.xcconfig"; sourceTree = "<group>"; };
		ABE98867A377990DBEF49F1B /* Pods-Unsplash Gallery.debug.xcconfig */ = {isa = PBXFileReference; includeInIndex = 1; lastKnownFileType = text.xcconfig; name = "Pods-Unsplash Gallery.debug.xcconfig"; path = "Target Support Files/Pods-Unsplash Gallery/Pods-Unsplash Gallery.debug.xcconfig"; sourceTree = "<group>"; };
		AF65AE62632CC5DE227818C2 /* Pods_Unsplash_Gallery.framework */ = {isa = PBXFileReference; explicitFileType = wrapper.framework; includeInIndex = 0; path = Pods_Unsplash_Gallery.framework; sourceTree = BUILT_PRODUCTS_DIR; };
		CE0BBDC8274A85E10072EB86 /* GalleryItemCollectionViewCell.swift */ = {isa = PBXFileReference; lastKnownFileType = sourcecode.swift; path = GalleryItemCollectionViewCell.swift; sourceTree = "<group>"; };
		CE5747F3274A3786004B3232 /* Unsplash Gallery.app */ = {isa = PBXFileReference; explicitFileType = wrapper.application; includeInIndex = 0; path = "Unsplash Gallery.app"; sourceTree = BUILT_PRODUCTS_DIR; };
		CE5747F6274A3786004B3232 /* AppDelegate.swift */ = {isa = PBXFileReference; lastKnownFileType = sourcecode.swift; path = AppDelegate.swift; sourceTree = "<group>"; };
		CE5747F8274A3786004B3232 /* SceneDelegate.swift */ = {isa = PBXFileReference; lastKnownFileType = sourcecode.swift; path = SceneDelegate.swift; sourceTree = "<group>"; };
		CE5747FA274A3786004B3232 /* DetailsViewController.swift */ = {isa = PBXFileReference; lastKnownFileType = sourcecode.swift; path = DetailsViewController.swift; sourceTree = "<group>"; };
		CE5747FF274A378A004B3232 /* Assets.xcassets */ = {isa = PBXFileReference; lastKnownFileType = folder.assetcatalog; path = Assets.xcassets; sourceTree = "<group>"; };
		CE574802274A378A004B3232 /* Base */ = {isa = PBXFileReference; lastKnownFileType = file.storyboard; name = Base; path = Base.lproj/LaunchScreen.storyboard; sourceTree = "<group>"; };
		CE574804274A378A004B3232 /* Info.plist */ = {isa = PBXFileReference; lastKnownFileType = text.plist.xml; path = Info.plist; sourceTree = "<group>"; };
		CE57480D274A37EB004B3232 /* Podfile */ = {isa = PBXFileReference; lastKnownFileType = text; path = Podfile; sourceTree = "<group>"; xcLanguageSpecificationIdentifier = xcode.lang.ruby; };
		CE9BF121274A3C640050A164 /* HomeScreenCollectionViewController.swift */ = {isa = PBXFileReference; lastKnownFileType = sourcecode.swift; path = HomeScreenCollectionViewController.swift; sourceTree = "<group>"; };
		CE9BF124274A3D670050A164 /* FavouritesTableViewController.swift */ = {isa = PBXFileReference; lastKnownFileType = sourcecode.swift; path = FavouritesTableViewController.swift; sourceTree = "<group>"; };
		CE9BF129274A5A850050A164 /* NetworkService.swift */ = {isa = PBXFileReference; lastKnownFileType = sourcecode.swift; path = NetworkService.swift; sourceTree = "<group>"; };
		CE9BF12D274A62220050A164 /* UnsplashImageData.swift */ = {isa = PBXFileReference; lastKnownFileType = sourcecode.swift; path = UnsplashImageData.swift; sourceTree = "<group>"; };
/* End PBXFileReference section */

/* Begin PBXFrameworksBuildPhase section */
		CE5747F0274A3786004B3232 /* Frameworks */ = {
			isa = PBXFrameworksBuildPhase;
			buildActionMask = 2147483647;
			files = (
				D831E01563A03D0095651FCA /* Pods_Unsplash_Gallery.framework in Frameworks */,
			);
			runOnlyForDeploymentPostprocessing = 0;
		};
/* End PBXFrameworksBuildPhase section */

/* Begin PBXGroup section */
		00F7FEA3D186469020301761 /* Frameworks */ = {
			isa = PBXGroup;
			children = (
				AF65AE62632CC5DE227818C2 /* Pods_Unsplash_Gallery.framework */,
			);
			name = Frameworks;
			sourceTree = "<group>";
		};
		427C7A54D874FF39E520DEAA /* Pods */ = {
			isa = PBXGroup;
			children = (
				ABE98867A377990DBEF49F1B /* Pods-Unsplash Gallery.debug.xcconfig */,
				44EB62B781E7369476F0510D /* Pods-Unsplash Gallery.release.xcconfig */,
			);
			path = Pods;
			sourceTree = "<group>";
		};
		CE0BBDCD274B6F570072EB86 /* SupportingFiles */ = {
			isa = PBXGroup;
			children = (
				CE5747FF274A378A004B3232 /* Assets.xcassets */,
				CE574801274A378A004B3232 /* LaunchScreen.storyboard */,
				CE5747F6274A3786004B3232 /* AppDelegate.swift */,
				CE5747F8274A3786004B3232 /* SceneDelegate.swift */,
			);
			path = SupportingFiles;
			sourceTree = "<group>";
		};
		CE0BBDCE274B6F9B0072EB86 /* Controllers */ = {
			isa = PBXGroup;
			children = (
				CE9BF121274A3C640050A164 /* HomeScreenCollectionViewController.swift */,
				CE9BF124274A3D670050A164 /* FavouritesTableViewController.swift */,
				CE5747FA274A3786004B3232 /* DetailsViewController.swift */,
			);
			path = Controllers;
			sourceTree = "<group>";
		};
		CE0BBDCF274B6FC30072EB86 /* Views */ = {
			isa = PBXGroup;
			children = (
				CE0BBDC8274A85E10072EB86 /* GalleryItemCollectionViewCell.swift */,
			);
			path = Views;
			sourceTree = "<group>";
		};
		CE5747EA274A3786004B3232 = {
			isa = PBXGroup;
			children = (
				CE5747F5274A3786004B3232 /* Unsplash Gallery */,
				CE5747F4274A3786004B3232 /* Products */,
				427C7A54D874FF39E520DEAA /* Pods */,
				00F7FEA3D186469020301761 /* Frameworks */,
				CE57480D274A37EB004B3232 /* Podfile */,
			);
			sourceTree = "<group>";
		};
		CE5747F4274A3786004B3232 /* Products */ = {
			isa = PBXGroup;
			children = (
				CE5747F3274A3786004B3232 /* Unsplash Gallery.app */,
			);
			name = Products;
			sourceTree = "<group>";
		};
		CE5747F5274A3786004B3232 /* Unsplash Gallery */ = {
			isa = PBXGroup;
			children = (
				CE9BF131274A62690050A164 /* Model */,
				CE0BBDCF274B6FC30072EB86 /* Views */,
				CE0BBDCE274B6F9B0072EB86 /* Controllers */,
				CE9BF132274A62830050A164 /* Services */,
				CE0BBDCD274B6F570072EB86 /* SupportingFiles */,
				CE574804274A378A004B3232 /* Info.plist */,
			);
			path = "Unsplash Gallery";
			sourceTree = "<group>";
		};
		CE9BF131274A62690050A164 /* Model */ = {
			isa = PBXGroup;
			children = (
				CE9BF12D274A62220050A164 /* UnsplashImageData.swift */,
			);
			path = Model;
			sourceTree = "<group>";
		};
		CE9BF132274A62830050A164 /* Services */ = {
			isa = PBXGroup;
			children = (
				CE9BF129274A5A850050A164 /* NetworkService.swift */,
			);
			path = Services;
			sourceTree = "<group>";
		};
/* End PBXGroup section */

/* Begin PBXNativeTarget section */
		CE5747F2274A3786004B3232 /* Unsplash Gallery */ = {
			isa = PBXNativeTarget;
			buildConfigurationList = CE574807274A378A004B3232 /* Build configuration list for PBXNativeTarget "Unsplash Gallery" */;
			buildPhases = (
				7E45E244D10CD71974F2E77C /* [CP] Check Pods Manifest.lock */,
				CE5747EF274A3786004B3232 /* Sources */,
				CE5747F0274A3786004B3232 /* Frameworks */,
				CE5747F1274A3786004B3232 /* Resources */,
				6540603E755138BD752B3B25 /* [CP] Embed Pods Frameworks */,
			);
			buildRules = (
			);
			dependencies = (
			);
			name = "Unsplash Gallery";
			productName = "Unsplash Gallery";
			productReference = CE5747F3274A3786004B3232 /* Unsplash Gallery.app */;
			productType = "com.apple.product-type.application";
		};
/* End PBXNativeTarget section */

/* Begin PBXProject section */
		CE5747EB274A3786004B3232 /* Project object */ = {
			isa = PBXProject;
			attributes = {
				LastSwiftUpdateCheck = 1240;
				LastUpgradeCheck = 1240;
				TargetAttributes = {
					CE5747F2274A3786004B3232 = {
						CreatedOnToolsVersion = 12.4;
					};
				};
			};
			buildConfigurationList = CE5747EE274A3786004B3232 /* Build configuration list for PBXProject "Unsplash Gallery" */;
			compatibilityVersion = "Xcode 9.3";
			developmentRegion = en;
			hasScannedForEncodings = 0;
			knownRegions = (
				en,
				Base,
			);
			mainGroup = CE5747EA274A3786004B3232;
			productRefGroup = CE5747F4274A3786004B3232 /* Products */;
			projectDirPath = "";
			projectRoot = "";
			targets = (
				CE5747F2274A3786004B3232 /* Unsplash Gallery */,
			);
		};
/* End PBXProject section */

/* Begin PBXResourcesBuildPhase section */
		CE5747F1274A3786004B3232 /* Resources */ = {
			isa = PBXResourcesBuildPhase;
			buildActionMask = 2147483647;
			files = (
				CE57480E274A37EB004B3232 /* Podfile in Resources */,
				CE574803274A378A004B3232 /* LaunchScreen.storyboard in Resources */,
				CE574800274A378A004B3232 /* Assets.xcassets in Resources */,
			);
			runOnlyForDeploymentPostprocessing = 0;
		};
/* End PBXResourcesBuildPhase section */

/* Begin PBXShellScriptBuildPhase section */
		6540603E755138BD752B3B25 /* [CP] Embed Pods Frameworks */ = {
			isa = PBXShellScriptBuildPhase;
			buildActionMask = 2147483647;
			files = (
			);
			inputFileListPaths = (
				"${PODS_ROOT}/Target Support Files/Pods-Unsplash Gallery/Pods-Unsplash Gallery-frameworks-${CONFIGURATION}-input-files.xcfilelist",
			);
			name = "[CP] Embed Pods Frameworks";
			outputFileListPaths = (
				"${PODS_ROOT}/Target Support Files/Pods-Unsplash Gallery/Pods-Unsplash Gallery-frameworks-${CONFIGURATION}-output-files.xcfilelist",
			);
			runOnlyForDeploymentPostprocessing = 0;
			shellPath = /bin/sh;
			shellScript = "\"${PODS_ROOT}/Target Support Files/Pods-Unsplash Gallery/Pods-Unsplash Gallery-frameworks.sh\"\n";
			showEnvVarsInLog = 0;
		};
		7E45E244D10CD71974F2E77C /* [CP] Check Pods Manifest.lock */ = {
			isa = PBXShellScriptBuildPhase;
			buildActionMask = 2147483647;
			files = (
			);
			inputFileListPaths = (
			);
			inputPaths = (
				"${PODS_PODFILE_DIR_PATH}/Podfile.lock",
				"${PODS_ROOT}/Manifest.lock",
			);
			name = "[CP] Check Pods Manifest.lock";
			outputFileListPaths = (
			);
			outputPaths = (
				"$(DERIVED_FILE_DIR)/Pods-Unsplash Gallery-checkManifestLockResult.txt",
			);
			runOnlyForDeploymentPostprocessing = 0;
			shellPath = /bin/sh;
			shellScript = "diff \"${PODS_PODFILE_DIR_PATH}/Podfile.lock\" \"${PODS_ROOT}/Manifest.lock\" > /dev/null\nif [ $? != 0 ] ; then\n    # print error to STDERR\n    echo \"error: The sandbox is not in sync with the Podfile.lock. Run 'pod install' or update your CocoaPods installation.\" >&2\n    exit 1\nfi\n# This output is used by Xcode 'outputs' to avoid re-running this script phase.\necho \"SUCCESS\" > \"${SCRIPT_OUTPUT_FILE_0}\"\n";
			showEnvVarsInLog = 0;
		};
/* End PBXShellScriptBuildPhase section */

/* Begin PBXSourcesBuildPhase section */
		CE5747EF274A3786004B3232 /* Sources */ = {
			isa = PBXSourcesBuildPhase;
			buildActionMask = 2147483647;
			files = (
				CE5747FB274A3786004B3232 /* DetailsViewController.swift in Sources */,
				CE9BF125274A3D670050A164 /* FavouritesTableViewController.swift in Sources */,
				CE5747F7274A3786004B3232 /* AppDelegate.swift in Sources */,
				CE9BF12E274A62320050A164 /* UnsplashImageData.swift in Sources */,
				CE0BBDC9274A85E10072EB86 /* GalleryItemCollectionViewCell.swift in Sources */,
				CE5747F9274A3786004B3232 /* SceneDelegate.swift in Sources */,
				CE9BF12A274A5A850050A164 /* NetworkService.swift in Sources */,
				CE9BF122274A3C640050A164 /* HomeScreenCollectionViewController.swift in Sources */,
			);
			runOnlyForDeploymentPostprocessing = 0;
		};
/* End PBXSourcesBuildPhase section */

/* Begin PBXVariantGroup section */
		CE574801274A378A004B3232 /* LaunchScreen.storyboard */ = {
			isa = PBXVariantGroup;
			children = (
				CE574802274A378A004B3232 /* Base */,
			);
			name = LaunchScreen.storyboard;
			sourceTree = "<group>";
		};
/* End PBXVariantGroup section */

/* Begin XCBuildConfiguration section */
		CE574805274A378A004B3232 /* Debug */ = {
			isa = XCBuildConfiguration;
			buildSettings = {
				ALWAYS_SEARCH_USER_PATHS = NO;
				CLANG_ANALYZER_NONNULL = YES;
				CLANG_ANALYZER_NUMBER_OBJECT_CONVERSION = YES_AGGRESSIVE;
				CLANG_CXX_LANGUAGE_STANDARD = "gnu++14";
				CLANG_CXX_LIBRARY = "libc++";
				CLANG_ENABLE_MODULES = YES;
				CLANG_ENABLE_OBJC_ARC = YES;
				CLANG_ENABLE_OBJC_WEAK = YES;
				CLANG_WARN_BLOCK_CAPTURE_AUTORELEASING = YES;
				CLANG_WARN_BOOL_CONVERSION = YES;
				CLANG_WARN_COMMA = YES;
				CLANG_WARN_CONSTANT_CONVERSION = YES;
				CLANG_WARN_DEPRECATED_OBJC_IMPLEMENTATIONS = YES;
				CLANG_WARN_DIRECT_OBJC_ISA_USAGE = YES_ERROR;
				CLANG_WARN_DOCUMENTATION_COMMENTS = YES;
				CLANG_WARN_EMPTY_BODY = YES;
				CLANG_WARN_ENUM_CONVERSION = YES;
				CLANG_WARN_INFINITE_RECURSION = YES;
				CLANG_WARN_INT_CONVERSION = YES;
				CLANG_WARN_NON_LITERAL_NULL_CONVERSION = YES;
				CLANG_WARN_OBJC_IMPLICIT_RETAIN_SELF = YES;
				CLANG_WARN_OBJC_LITERAL_CONVERSION = YES;
				CLANG_WARN_OBJC_ROOT_CLASS = YES_ERROR;
				CLANG_WARN_QUOTED_INCLUDE_IN_FRAMEWORK_HEADER = YES;
				CLANG_WARN_RANGE_LOOP_ANALYSIS = YES;
				CLANG_WARN_STRICT_PROTOTYPES = YES;
				CLANG_WARN_SUSPICIOUS_MOVE = YES;
				CLANG_WARN_UNGUARDED_AVAILABILITY = YES_AGGRESSIVE;
				CLANG_WARN_UNREACHABLE_CODE = YES;
				CLANG_WARN__DUPLICATE_METHOD_MATCH = YES;
				COPY_PHASE_STRIP = NO;
				DEBUG_INFORMATION_FORMAT = dwarf;
				ENABLE_STRICT_OBJC_MSGSEND = YES;
				ENABLE_TESTABILITY = YES;
				GCC_C_LANGUAGE_STANDARD = gnu11;
				GCC_DYNAMIC_NO_PIC = NO;
				GCC_NO_COMMON_BLOCKS = YES;
				GCC_OPTIMIZATION_LEVEL = 0;
				GCC_PREPROCESSOR_DEFINITIONS = (
					"DEBUG=1",
					"$(inherited)",
				);
				GCC_WARN_64_TO_32_BIT_CONVERSION = YES;
				GCC_WARN_ABOUT_RETURN_TYPE = YES_ERROR;
				GCC_WARN_UNDECLARED_SELECTOR = YES;
				GCC_WARN_UNINITIALIZED_AUTOS = YES_AGGRESSIVE;
				GCC_WARN_UNUSED_FUNCTION = YES;
				GCC_WARN_UNUSED_VARIABLE = YES;
				IPHONEOS_DEPLOYMENT_TARGET = 14.4;
				MTL_ENABLE_DEBUG_INFO = INCLUDE_SOURCE;
				MTL_FAST_MATH = YES;
				ONLY_ACTIVE_ARCH = YES;
				SDKROOT = iphoneos;
				SWIFT_ACTIVE_COMPILATION_CONDITIONS = DEBUG;
				SWIFT_OPTIMIZATION_LEVEL = "-Onone";
			};
			name = Debug;
		};
		CE574806274A378A004B3232 /* Release */ = {
			isa = XCBuildConfiguration;
			buildSettings = {
				ALWAYS_SEARCH_USER_PATHS = NO;
				CLANG_ANALYZER_NONNULL = YES;
				CLANG_ANALYZER_NUMBER_OBJECT_CONVERSION = YES_AGGRESSIVE;
				CLANG_CXX_LANGUAGE_STANDARD = "gnu++14";
				CLANG_CXX_LIBRARY = "libc++";
				CLANG_ENABLE_MODULES = YES;
				CLANG_ENABLE_OBJC_ARC = YES;
				CLANG_ENABLE_OBJC_WEAK = YES;
				CLANG_WARN_BLOCK_CAPTURE_AUTORELEASING = YES;
				CLANG_WARN_BOOL_CONVERSION = YES;
				CLANG_WARN_COMMA = YES;
				CLANG_WARN_CONSTANT_CONVERSION = YES;
				CLANG_WARN_DEPRECATED_OBJC_IMPLEMENTATIONS = YES;
				CLANG_WARN_DIRECT_OBJC_ISA_USAGE = YES_ERROR;
				CLANG_WARN_DOCUMENTATION_COMMENTS = YES;
				CLANG_WARN_EMPTY_BODY = YES;
				CLANG_WARN_ENUM_CONVERSION = YES;
				CLANG_WARN_INFINITE_RECURSION = YES;
				CLANG_WARN_INT_CONVERSION = YES;
				CLANG_WARN_NON_LITERAL_NULL_CONVERSION = YES;
				CLANG_WARN_OBJC_IMPLICIT_RETAIN_SELF = YES;
				CLANG_WARN_OBJC_LITERAL_CONVERSION = YES;
				CLANG_WARN_OBJC_ROOT_CLASS = YES_ERROR;
				CLANG_WARN_QUOTED_INCLUDE_IN_FRAMEWORK_HEADER = YES;
				CLANG_WARN_RANGE_LOOP_ANALYSIS = YES;
				CLANG_WARN_STRICT_PROTOTYPES = YES;
				CLANG_WARN_SUSPICIOUS_MOVE = YES;
				CLANG_WARN_UNGUARDED_AVAILABILITY = YES_AGGRESSIVE;
				CLANG_WARN_UNREACHABLE_CODE = YES;
				CLANG_WARN__DUPLICATE_METHOD_MATCH = YES;
				COPY_PHASE_STRIP = NO;
				DEBUG_INFORMATION_FORMAT = "dwarf-with-dsym";
				ENABLE_NS_ASSERTIONS = NO;
				ENABLE_STRICT_OBJC_MSGSEND = YES;
				GCC_C_LANGUAGE_STANDARD = gnu11;
				GCC_NO_COMMON_BLOCKS = YES;
				GCC_WARN_64_TO_32_BIT_CONVERSION = YES;
				GCC_WARN_ABOUT_RETURN_TYPE = YES_ERROR;
				GCC_WARN_UNDECLARED_SELECTOR = YES;
				GCC_WARN_UNINITIALIZED_AUTOS = YES_AGGRESSIVE;
				GCC_WARN_UNUSED_FUNCTION = YES;
				GCC_WARN_UNUSED_VARIABLE = YES;
				IPHONEOS_DEPLOYMENT_TARGET = 14.4;
				MTL_ENABLE_DEBUG_INFO = NO;
				MTL_FAST_MATH = YES;
				SDKROOT = iphoneos;
				SWIFT_COMPILATION_MODE = wholemodule;
				SWIFT_OPTIMIZATION_LEVEL = "-O";
				VALIDATE_PRODUCT = YES;
			};
			name = Release;
		};
		CE574808274A378A004B3232 /* Debug */ = {
			isa = XCBuildConfiguration;
			baseConfigurationReference = ABE98867A377990DBEF49F1B /* Pods-Unsplash Gallery.debug.xcconfig */;
			buildSettings = {
				ASSETCATALOG_COMPILER_APPICON_NAME = AppIcon;
				ASSETCATALOG_COMPILER_GLOBAL_ACCENT_COLOR_NAME = AccentColor;
				CODE_SIGN_STYLE = Automatic;
				DEVELOPMENT_TEAM = 5JFF3U9J3C;
				INFOPLIST_FILE = "Unsplash Gallery/Info.plist";
				IPHONEOS_DEPLOYMENT_TARGET = 13.0;
				LD_RUNPATH_SEARCH_PATHS = (
					"$(inherited)",
					"@executable_path/Frameworks",
				);
				PRODUCT_BUNDLE_IDENTIFIER = "com.alexeypavlov.Unsplash-Gallery";
				PRODUCT_NAME = "$(TARGET_NAME)";
				SWIFT_VERSION = 5.0;
				TARGETED_DEVICE_FAMILY = 1;
			};
			name = Debug;
		};
		CE574809274A378A004B3232 /* Release */ = {
			isa = XCBuildConfiguration;
			baseConfigurationReference = 44EB62B781E7369476F0510D /* Pods-Unsplash Gallery.release.xcconfig */;
			buildSettings = {
				ASSETCATALOG_COMPILER_APPICON_NAME = AppIcon;
				ASSETCATALOG_COMPILER_GLOBAL_ACCENT_COLOR_NAME = AccentColor;
				CODE_SIGN_STYLE = Automatic;
				DEVELOPMENT_TEAM = 5JFF3U9J3C;
				INFOPLIST_FILE = "Unsplash Gallery/Info.plist";
				IPHONEOS_DEPLOYMENT_TARGET = 13.0;
				LD_RUNPATH_SEARCH_PATHS = (
					"$(inherited)",
					"@executable_path/Frameworks",
				);
				PRODUCT_BUNDLE_IDENTIFIER = "com.alexeypavlov.Unsplash-Gallery";
				PRODUCT_NAME = "$(TARGET_NAME)";
				SWIFT_VERSION = 5.0;
				TARGETED_DEVICE_FAMILY = 1;
			};
			name = Release;
		};
/* End XCBuildConfiguration section */

/* Begin XCConfigurationList section */
		CE5747EE274A3786004B3232 /* Build configuration list for PBXProject "Unsplash Gallery" */ = {
			isa = XCConfigurationList;
			buildConfigurations = (
				CE574805274A378A004B3232 /* Debug */,
				CE574806274A378A004B3232 /* Release */,
			);
			defaultConfigurationIsVisible = 0;
			defaultConfigurationName = Release;
		};
		CE574807274A378A004B3232 /* Build configuration list for PBXNativeTarget "Unsplash Gallery" */ = {
			isa = XCConfigurationList;
			buildConfigurations = (
				CE574808274A378A004B3232 /* Debug */,
				CE574809274A378A004B3232 /* Release */,
			);
			defaultConfigurationIsVisible = 0;
			defaultConfigurationName = Release;
		};
/* End XCConfigurationList section */
	};
	rootObject = CE5747EB274A3786004B3232 /* Project object */;
}
